{
  "name": "rd-regexp-ahk",
  "version": "0.3.0",
  "lockfileVersion": 2,
  "requires": true,
  "packages": {
    "": {
      "name": "rd-regexp-ahk",
      "version": "0.3.0",
      "license": "MIT",
      "devDependencies": {
        "unit-testing.ahk": "^0.6.1"
      }
    },
    "node_modules/unit-testing.ahk": {
      "version": "0.6.1",
      "resolved": "https://registry.npmjs.org/unit-testing.ahk/-/unit-testing.ahk-0.6.1.tgz",
      "integrity": "sha512-FRoqL6kn+b2W1IajeRTVSdLJE0zk3SDNluSE7KLW9OScUuhFlKLqvIvmf97ZokmvnJmlZFfEU5gyRap6m+/fJw==",
      "dev": true
    }
  },
  "dependencies": {
    "unit-testing.ahk": {
      "version": "0.6.1",
      "resolved": "https://registry.npmjs.org/unit-testing.ahk/-/unit-testing.ahk-0.6.1.tgz",
      "integrity": "sha512-FRoqL6kn+b2W1IajeRTVSdLJE0zk3SDNluSE7KLW9OScUuhFlKLqvIvmf97ZokmvnJmlZFfEU5gyRap6m+/fJw==",
      "dev": true
    }
  }
}
